
Microsoft Visual Studio Solution File, Format Version 12.00
# Visual Studio Version 16
VisualStudioVersion = 16.0.32002.261
MinimumVisualStudioVersion = 10.0.40219.1
Project("{FAE04EC0-301F-11D3-BF4B-00C04F79EFBC}") = "credentialintrojs", "credentialintrojs\credentialintrojs.csproj", "{58A89BDA-482C-4E66-9012-6DEF3A448A17}"
EndProject
Global
	GlobalSection(SolutionConfigurationPlatforms) = preSolution
		Debug|Any CPU = Debug|Any CPU
		Release|Any CPU = Release|Any CPU
	EndGlobalSection
	GlobalSection(ProjectConfigurationPlatforms) = postSolution
		{58A89BDA-482C-4E66-9012-6DEF3A448A17}.Debug|Any CPU.ActiveCfg = Debug|Any CPU
		{58A89BDA-482C-4E66-9012-6DEF3A448A17}.Debug|Any CPU.Build.0 = Debug|Any CPU
		{58A89BDA-482C-4E66-9012-6DEF3A448A17}.Release|Any CPU.ActiveCfg = Release|Any CPU
		{58A89BDA-482C-4E66-9012-6DEF3A448A17}.Release|Any CPU.Build.0 = Release|Any CPU
	EndGlobalSection
	GlobalSection(SolutionProperties) = preSolution
		HideSolutionNode = FALSE
	EndGlobalSection
	GlobalSection(ExtensibilityGlobals) = postSolution
		SolutionGuid = {605F42EF-E8DF-41C7-A63B-FAB26216E390}
	EndGlobalSection
EndGlobal
